
Microsoft Visual Studio Solution File, Format Version 12.00
# Visual Studio 2013
VisualStudioVersion = 12.0.40629.0
MinimumVisualStudioVersion = 10.0.40219.1
Project("{FAE04EC0-301F-11D3-BF4B-00C04F79EFBC}") = "Poker", "TddKata\Poker.csproj", "{7AED53BB-ECD4-4531-A2D0-75B98E2958EB}"
EndProject
Project("{2150E333-8FDC-42A3-9474-1A3956D46DE8}") = ".nuget", ".nuget", "{567D2C0A-7B10-4A38-B9A8-B608AF07FD08}"
	ProjectSection(SolutionItems) = preProject
		.nuget\packages.config = .nuget\packages.config
	EndProjectSection
EndProject
Project("{FAE04EC0-301F-11D3-BF4B-00C04F79EFBC}") = "RomanNumeral", "RomanNumeral\RomanNumeral.csproj", "{E985A714-2734-4042-8F31-8546AF49CA23}"
EndProject
Global
	GlobalSection(SolutionConfigurationPlatforms) = preSolution
		Debug|Any CPU = Debug|Any CPU
		Release|Any CPU = Release|Any CPU
	EndGlobalSection
	GlobalSection(ProjectConfigurationPlatforms) = postSolution
		{7AED53BB-ECD4-4531-A2D0-75B98E2958EB}.Debug|Any CPU.ActiveCfg = Debug|Any CPU
		{7AED53BB-ECD4-4531-A2D0-75B98E2958EB}.Debug|Any CPU.Build.0 = Debug|Any CPU
		{7AED53BB-ECD4-4531-A2D0-75B98E2958EB}.Release|Any CPU.ActiveCfg = Release|Any CPU
		{7AED53BB-ECD4-4531-A2D0-75B98E2958EB}.Release|Any CPU.Build.0 = Release|Any CPU
		{E985A714-2734-4042-8F31-8546AF49CA23}.Debug|Any CPU.ActiveCfg = Debug|Any CPU
		{E985A714-2734-4042-8F31-8546AF49CA23}.Debug|Any CPU.Build.0 = Debug|Any CPU
		{E985A714-2734-4042-8F31-8546AF49CA23}.Release|Any CPU.ActiveCfg = Release|Any CPU
		{E985A714-2734-4042-8F31-8546AF49CA23}.Release|Any CPU.Build.0 = Release|Any CPU
	EndGlobalSection
	GlobalSection(SolutionProperties) = preSolution
		HideSolutionNode = FALSE
	EndGlobalSection
EndGlobal
